
Microsoft Visual Studio Solution File, Format Version 12.00
# Visual Studio Version 17
VisualStudioVersion = 17.3.32929.385
MinimumVisualStudioVersion = 10.0.40219.1
Project("{FAE04EC0-301F-11D3-BF4B-00C04F79EFBC}") = "TKGMParsel", "TKGMParsel\TKGMParsel.csproj", "{64AD1921-711F-41C7-8E8A-B4DAC31CC50E}"
EndProject
Project("{FAE04EC0-301F-11D3-BF4B-00C04F79EFBC}") = "TKGMParsel.Data", "TKGMParsel.Data\TKGMParsel.Data.csproj", "{6FE869FF-71E2-4B7C-A734-6B4CB0A73E01}"
EndProject
Project("{FAE04EC0-301F-11D3-BF4B-00C04F79EFBC}") = "TKGMParsel.Business", "TKGMParsel.Business\TKGMParsel.Business.csproj", "{6FE5F1D2-E341-4505-B5D7-B4B7EBC67FF2}"
EndProject
Global
	GlobalSection(SolutionConfigurationPlatforms) = preSolution
		Debug|Any CPU = Debug|Any CPU
		Release|Any CPU = Release|Any CPU
	EndGlobalSection
	GlobalSection(ProjectConfigurationPlatforms) = postSolution
		{64AD1921-711F-41C7-8E8A-B4DAC31CC50E}.Debug|Any CPU.ActiveCfg = Debug|Any CPU
		{64AD1921-711F-41C7-8E8A-B4DAC31CC50E}.Debug|Any CPU.Build.0 = Debug|Any CPU
		{64AD1921-711F-41C7-8E8A-B4DAC31CC50E}.Release|Any CPU.ActiveCfg = Release|Any CPU
		{64AD1921-711F-41C7-8E8A-B4DAC31CC50E}.Release|Any CPU.Build.0 = Release|Any CPU
		{6FE869FF-71E2-4B7C-A734-6B4CB0A73E01}.Debug|Any CPU.ActiveCfg = Debug|Any CPU
		{6FE869FF-71E2-4B7C-A734-6B4CB0A73E01}.Debug|Any CPU.Build.0 = Debug|Any CPU
		{6FE869FF-71E2-4B7C-A734-6B4CB0A73E01}.Release|Any CPU.ActiveCfg = Release|Any CPU
		{6FE869FF-71E2-4B7C-A734-6B4CB0A73E01}.Release|Any CPU.Build.0 = Release|Any CPU
		{6FE5F1D2-E341-4505-B5D7-B4B7EBC67FF2}.Debug|Any CPU.ActiveCfg = Debug|Any CPU
		{6FE5F1D2-E341-4505-B5D7-B4B7EBC67FF2}.Debug|Any CPU.Build.0 = Debug|Any CPU
		{6FE5F1D2-E341-4505-B5D7-B4B7EBC67FF2}.Release|Any CPU.ActiveCfg = Release|Any CPU
		{6FE5F1D2-E341-4505-B5D7-B4B7EBC67FF2}.Release|Any CPU.Build.0 = Release|Any CPU
	EndGlobalSection
	GlobalSection(SolutionProperties) = preSolution
		HideSolutionNode = FALSE
	EndGlobalSection
	GlobalSection(ExtensibilityGlobals) = postSolution
		SolutionGuid = {2478CB65-D39C-42D6-A05C-0527A00A290F}
	EndGlobalSection
EndGlobal
